
Microsoft Visual Studio Solution File, Format Version 12.00
# 
Project("{FAE04EC0-301F-11D3-BF4B-00C04F79EFBC}") = "RouteFinderAPI", "RouteFinderAPI\RouteFinderAPI.csproj", "{643EE10B-AF89-41FF-8CA4-92C911159E75}"
EndProject
Project("{FAE04EC0-301F-11D3-BF4B-00C04F79EFBC}") = "RouteFinderAPI.Models", "RouteFinderAPI.Models\RouteFinderAPI.Models.csproj", "{C07A2A05-14A6-4CA2-9B7C-BAD8B0180CDB}"
EndProject
Project("{FAE04EC0-301F-11D3-BF4B-00C04F79EFBC}") = "RouteFinderAPI.Common", "RouteFinderAPI.Common\RouteFinderAPI.Common.csproj", "{F3EC34CE-44AC-4A0A-BEC3-1CB13F661405}"
EndProject
Project("{FAE04EC0-301F-11D3-BF4B-00C04F79EFBC}") = "RouteFinderAPI.DAL", "RouteFinderAPI.DAL\RouteFinderAPI.DAL.csproj", "{C5517511-309B-42B5-B232-C20D3FCD16D9}"
EndProject
Project("{FAE04EC0-301F-11D3-BF4B-00C04F79EFBC}") = "RouteFinderAPI.Business", "RouteFinderAPI.Business\RouteFinderAPI.Business.csproj", "{2EE6C896-6C21-4F27-9547-D81D13B46CB1}"
EndProject
Project("{2150E333-8FDC-42A3-9474-1A3956D46DE8}") = "Test", "Test", "{2682F9FF-ECA3-4FA6-99E7-2B536E3B93B8}"
EndProject
Project("{2150E333-8FDC-42A3-9474-1A3956D46DE8}") = "src", "src", "{71188E93-5F33-4867-8D37-3812932CE6C5}"
EndProject
Project("{2150E333-8FDC-42A3-9474-1A3956D46DE8}") = "test", "test", "{BD73990B-C22F-4142-A5A8-EF588D2ED30A}"
EndProject
Project("{FAE04EC0-301F-11D3-BF4B-00C04F79EFBC}") = "RouteFinderAPI.Test", "src\test\RouteFinderAPI.Test\RouteFinderAPI.Test.csproj", "{89DF51E0-0F90-4F10-A1D1-5A5DA77A3E99}"
EndProject
Project("{FAE04EC0-301F-11D3-BF4B-00C04F79EFBC}") = "RouteFinderAPI.Business.Tests", "src\test\RouteFinderAPI.Business.Tests\RouteFinderAPI.Business.Tests.csproj", "{B60E937B-BF3C-4473-872D-CA5625DA1987}"
EndProject
Project("{FAE04EC0-301F-11D3-BF4B-00C04F79EFBC}") = "RouteFinderAPI.Integration.Tests", "src\test\RouteFinderAPI.Integration.Tests\RouteFinderAPI.Integration.Tests.csproj", "{5329A23C-D9D0-4886-B164-F07916AE6F28}"
EndProject
Global
	GlobalSection(SolutionConfigurationPlatforms) = preSolution
		Debug|Any CPU = Debug|Any CPU
		Release|Any CPU = Release|Any CPU
	EndGlobalSection
	GlobalSection(ProjectConfigurationPlatforms) = postSolution
		{643EE10B-AF89-41FF-8CA4-92C911159E75}.Debug|Any CPU.ActiveCfg = Debug|Any CPU
		{643EE10B-AF89-41FF-8CA4-92C911159E75}.Debug|Any CPU.Build.0 = Debug|Any CPU
		{643EE10B-AF89-41FF-8CA4-92C911159E75}.Release|Any CPU.ActiveCfg = Release|Any CPU
		{643EE10B-AF89-41FF-8CA4-92C911159E75}.Release|Any CPU.Build.0 = Release|Any CPU
		{C07A2A05-14A6-4CA2-9B7C-BAD8B0180CDB}.Debug|Any CPU.ActiveCfg = Debug|Any CPU
		{C07A2A05-14A6-4CA2-9B7C-BAD8B0180CDB}.Debug|Any CPU.Build.0 = Debug|Any CPU
		{C07A2A05-14A6-4CA2-9B7C-BAD8B0180CDB}.Release|Any CPU.ActiveCfg = Release|Any CPU
		{C07A2A05-14A6-4CA2-9B7C-BAD8B0180CDB}.Release|Any CPU.Build.0 = Release|Any CPU
		{F3EC34CE-44AC-4A0A-BEC3-1CB13F661405}.Debug|Any CPU.ActiveCfg = Debug|Any CPU
		{F3EC34CE-44AC-4A0A-BEC3-1CB13F661405}.Debug|Any CPU.Build.0 = Debug|Any CPU
		{F3EC34CE-44AC-4A0A-BEC3-1CB13F661405}.Release|Any CPU.ActiveCfg = Release|Any CPU
		{F3EC34CE-44AC-4A0A-BEC3-1CB13F661405}.Release|Any CPU.Build.0 = Release|Any CPU
		{C5517511-309B-42B5-B232-C20D3FCD16D9}.Debug|Any CPU.ActiveCfg = Debug|Any CPU
		{C5517511-309B-42B5-B232-C20D3FCD16D9}.Debug|Any CPU.Build.0 = Debug|Any CPU
		{C5517511-309B-42B5-B232-C20D3FCD16D9}.Release|Any CPU.ActiveCfg = Release|Any CPU
		{C5517511-309B-42B5-B232-C20D3FCD16D9}.Release|Any CPU.Build.0 = Release|Any CPU
		{2EE6C896-6C21-4F27-9547-D81D13B46CB1}.Debug|Any CPU.ActiveCfg = Debug|Any CPU
		{2EE6C896-6C21-4F27-9547-D81D13B46CB1}.Debug|Any CPU.Build.0 = Debug|Any CPU
		{2EE6C896-6C21-4F27-9547-D81D13B46CB1}.Release|Any CPU.ActiveCfg = Release|Any CPU
		{2EE6C896-6C21-4F27-9547-D81D13B46CB1}.Release|Any CPU.Build.0 = Release|Any CPU
		{89DF51E0-0F90-4F10-A1D1-5A5DA77A3E99}.Debug|Any CPU.ActiveCfg = Debug|Any CPU
		{89DF51E0-0F90-4F10-A1D1-5A5DA77A3E99}.Debug|Any CPU.Build.0 = Debug|Any CPU
		{89DF51E0-0F90-4F10-A1D1-5A5DA77A3E99}.Release|Any CPU.ActiveCfg = Release|Any CPU
		{89DF51E0-0F90-4F10-A1D1-5A5DA77A3E99}.Release|Any CPU.Build.0 = Release|Any CPU
		{B60E937B-BF3C-4473-872D-CA5625DA1987}.Debug|Any CPU.ActiveCfg = Debug|Any CPU
		{B60E937B-BF3C-4473-872D-CA5625DA1987}.Debug|Any CPU.Build.0 = Debug|Any CPU
		{B60E937B-BF3C-4473-872D-CA5625DA1987}.Release|Any CPU.ActiveCfg = Release|Any CPU
		{B60E937B-BF3C-4473-872D-CA5625DA1987}.Release|Any CPU.Build.0 = Release|Any CPU
		{5329A23C-D9D0-4886-B164-F07916AE6F28}.Debug|Any CPU.ActiveCfg = Debug|Any CPU
		{5329A23C-D9D0-4886-B164-F07916AE6F28}.Debug|Any CPU.Build.0 = Debug|Any CPU
		{5329A23C-D9D0-4886-B164-F07916AE6F28}.Release|Any CPU.ActiveCfg = Release|Any CPU
		{5329A23C-D9D0-4886-B164-F07916AE6F28}.Release|Any CPU.Build.0 = Release|Any CPU
	EndGlobalSection
	GlobalSection(NestedProjects) = preSolution
		{BD73990B-C22F-4142-A5A8-EF588D2ED30A} = {71188E93-5F33-4867-8D37-3812932CE6C5}
		{89DF51E0-0F90-4F10-A1D1-5A5DA77A3E99} = {BD73990B-C22F-4142-A5A8-EF588D2ED30A}
		{B60E937B-BF3C-4473-872D-CA5625DA1987} = {BD73990B-C22F-4142-A5A8-EF588D2ED30A}
		{5329A23C-D9D0-4886-B164-F07916AE6F28} = {BD73990B-C22F-4142-A5A8-EF588D2ED30A}
	EndGlobalSection
EndGlobal
